
Microsoft Visual Studio Solution File, Format Version 12.00
# Visual Studio 15
VisualStudioVersion = 15.0.28010.0
MinimumVisualStudioVersion = 10.0.40219.1
Project("{FAE04EC0-301F-11D3-BF4B-00C04F79EFBC}") = "TransformWords", "TransformWords\TransformWords.csproj", "{8C1D7B6C-DA37-4D74-9ADE-F3C4A8A5415A}"
EndProject
Project("{FAE04EC0-301F-11D3-BF4B-00C04F79EFBC}") = "TransformWordsTests", "TransformWordsTests\TransformWordsTests.csproj", "{054E7B5A-CB0E-49FD-9D03-4166183CB5E4}"
EndProject
Project("{FAE04EC0-301F-11D3-BF4B-00C04F79EFBC}") = "ConsoleTest", "ConsoleTest\ConsoleTest.csproj", "{EDC7BBE3-5304-4D75-8D47-67ED27970E2A}"
EndProject
Global
	GlobalSection(SolutionConfigurationPlatforms) = preSolution
		Debug|Any CPU = Debug|Any CPU
		Release|Any CPU = Release|Any CPU
	EndGlobalSection
	GlobalSection(ProjectConfigurationPlatforms) = postSolution
		{8C1D7B6C-DA37-4D74-9ADE-F3C4A8A5415A}.Debug|Any CPU.ActiveCfg = Debug|Any CPU
		{8C1D7B6C-DA37-4D74-9ADE-F3C4A8A5415A}.Debug|Any CPU.Build.0 = Debug|Any CPU
		{8C1D7B6C-DA37-4D74-9ADE-F3C4A8A5415A}.Release|Any CPU.ActiveCfg = Release|Any CPU
		{8C1D7B6C-DA37-4D74-9ADE-F3C4A8A5415A}.Release|Any CPU.Build.0 = Release|Any CPU
		{054E7B5A-CB0E-49FD-9D03-4166183CB5E4}.Debug|Any CPU.ActiveCfg = Debug|Any CPU
		{054E7B5A-CB0E-49FD-9D03-4166183CB5E4}.Debug|Any CPU.Build.0 = Debug|Any CPU
		{054E7B5A-CB0E-49FD-9D03-4166183CB5E4}.Release|Any CPU.ActiveCfg = Release|Any CPU
		{054E7B5A-CB0E-49FD-9D03-4166183CB5E4}.Release|Any CPU.Build.0 = Release|Any CPU
		{EDC7BBE3-5304-4D75-8D47-67ED27970E2A}.Debug|Any CPU.ActiveCfg = Debug|Any CPU
		{EDC7BBE3-5304-4D75-8D47-67ED27970E2A}.Debug|Any CPU.Build.0 = Debug|Any CPU
		{EDC7BBE3-5304-4D75-8D47-67ED27970E2A}.Release|Any CPU.ActiveCfg = Release|Any CPU
		{EDC7BBE3-5304-4D75-8D47-67ED27970E2A}.Release|Any CPU.Build.0 = Release|Any CPU
	EndGlobalSection
	GlobalSection(SolutionProperties) = preSolution
		HideSolutionNode = FALSE
	EndGlobalSection
	GlobalSection(ExtensibilityGlobals) = postSolution
		SolutionGuid = {7DC8E2FB-4976-4566-BCF9-75236DCC9603}
	EndGlobalSection
EndGlobal
